
Microsoft Visual Studio Solution File, Format Version 12.00
# Visual Studio Version 16
VisualStudioVersion = 16.0.32802.440
MinimumVisualStudioVersion = 10.0.40219.1
Project("{9A19103F-16F7-4668-BE54-9A1E7A4F7556}") = "RabbitMQ.publisher", "RabbitMQ.publisher\RabbitMQ.publisher.csproj", "{DE0E2CF5-E3B8-41F5-B979-87E18BC95789}"
EndProject
Project("{9A19103F-16F7-4668-BE54-9A1E7A4F7556}") = "RabbitMQ.subscriber", "RabbitMQ.subscriber\RabbitMQ.subscriber.csproj", "{0751DF86-549C-4CE7-AA6A-33343B0CE2C5}"
EndProject
Project("{9A19103F-16F7-4668-BE54-9A1E7A4F7556}") = "RabbittMQWeb.Workmark", "RabbittMQWeb.Workmark\RabbittMQWeb.Workmark.csproj", "{1D804A67-6A52-41CD-A9FC-34592E59ADD6}"
EndProject
Project("{9A19103F-16F7-4668-BE54-9A1E7A4F7556}") = "RabbitMQWeb.ExcelCreate", "RabbitMQWeb.ExcelCreate\RabbitMQWeb.ExcelCreate.csproj", "{84B13D9F-882E-47FF-88F7-B0B688AC3F6C}"
EndProject
Project("{9A19103F-16F7-4668-BE54-9A1E7A4F7556}") = "shared_", "shared_\shared_.csproj", "{40993984-7661-46B3-AFB1-4F8AEDCF308C}"
EndProject
Project("{9A19103F-16F7-4668-BE54-9A1E7A4F7556}") = "FileCreateWorkerService", "FileCreateWorkerService\FileCreateWorkerService.csproj", "{00A66EF2-1CB4-4762-9C9B-714DF4C07020}"
EndProject
Project("{FAE04EC0-301F-11D3-BF4B-00C04F79EFBC}") = "WorldToPdf.Producer", "WorldToPdf.Producer\WorldToPdf.Producer.csproj", "{E5973191-FC20-481A-9461-0BF673FCD8A5}"
EndProject
Project("{FAE04EC0-301F-11D3-BF4B-00C04F79EFBC}") = "WorldToPdf.Consumer", "WorldToPdf.Consumer\WorldToPdf.Consumer.csproj", "{62E9833D-CBD5-460C-ACAB-2CF786344BC7}"
EndProject
Global
	GlobalSection(SolutionConfigurationPlatforms) = preSolution
		Debug|Any CPU = Debug|Any CPU
		Release|Any CPU = Release|Any CPU
	EndGlobalSection
	GlobalSection(ProjectConfigurationPlatforms) = postSolution
		{DE0E2CF5-E3B8-41F5-B979-87E18BC95789}.Debug|Any CPU.ActiveCfg = Debug|Any CPU
		{DE0E2CF5-E3B8-41F5-B979-87E18BC95789}.Debug|Any CPU.Build.0 = Debug|Any CPU
		{DE0E2CF5-E3B8-41F5-B979-87E18BC95789}.Release|Any CPU.ActiveCfg = Release|Any CPU
		{DE0E2CF5-E3B8-41F5-B979-87E18BC95789}.Release|Any CPU.Build.0 = Release|Any CPU
		{0751DF86-549C-4CE7-AA6A-33343B0CE2C5}.Debug|Any CPU.ActiveCfg = Debug|Any CPU
		{0751DF86-549C-4CE7-AA6A-33343B0CE2C5}.Debug|Any CPU.Build.0 = Debug|Any CPU
		{0751DF86-549C-4CE7-AA6A-33343B0CE2C5}.Release|Any CPU.ActiveCfg = Release|Any CPU
		{0751DF86-549C-4CE7-AA6A-33343B0CE2C5}.Release|Any CPU.Build.0 = Release|Any CPU
		{1D804A67-6A52-41CD-A9FC-34592E59ADD6}.Debug|Any CPU.ActiveCfg = Debug|Any CPU
		{1D804A67-6A52-41CD-A9FC-34592E59ADD6}.Debug|Any CPU.Build.0 = Debug|Any CPU
		{1D804A67-6A52-41CD-A9FC-34592E59ADD6}.Release|Any CPU.ActiveCfg = Release|Any CPU
		{1D804A67-6A52-41CD-A9FC-34592E59ADD6}.Release|Any CPU.Build.0 = Release|Any CPU
		{84B13D9F-882E-47FF-88F7-B0B688AC3F6C}.Debug|Any CPU.ActiveCfg = Debug|Any CPU
		{84B13D9F-882E-47FF-88F7-B0B688AC3F6C}.Debug|Any CPU.Build.0 = Debug|Any CPU
		{84B13D9F-882E-47FF-88F7-B0B688AC3F6C}.Release|Any CPU.ActiveCfg = Release|Any CPU
		{84B13D9F-882E-47FF-88F7-B0B688AC3F6C}.Release|Any CPU.Build.0 = Release|Any CPU
		{40993984-7661-46B3-AFB1-4F8AEDCF308C}.Debug|Any CPU.ActiveCfg = Debug|Any CPU
		{40993984-7661-46B3-AFB1-4F8AEDCF308C}.Debug|Any CPU.Build.0 = Debug|Any CPU
		{40993984-7661-46B3-AFB1-4F8AEDCF308C}.Release|Any CPU.ActiveCfg = Release|Any CPU
		{40993984-7661-46B3-AFB1-4F8AEDCF308C}.Release|Any CPU.Build.0 = Release|Any CPU
		{00A66EF2-1CB4-4762-9C9B-714DF4C07020}.Debug|Any CPU.ActiveCfg = Debug|Any CPU
		{00A66EF2-1CB4-4762-9C9B-714DF4C07020}.Debug|Any CPU.Build.0 = Debug|Any CPU
		{00A66EF2-1CB4-4762-9C9B-714DF4C07020}.Release|Any CPU.ActiveCfg = Release|Any CPU
		{00A66EF2-1CB4-4762-9C9B-714DF4C07020}.Release|Any CPU.Build.0 = Release|Any CPU
		{E5973191-FC20-481A-9461-0BF673FCD8A5}.Debug|Any CPU.ActiveCfg = Debug|Any CPU
		{E5973191-FC20-481A-9461-0BF673FCD8A5}.Debug|Any CPU.Build.0 = Debug|Any CPU
		{E5973191-FC20-481A-9461-0BF673FCD8A5}.Release|Any CPU.ActiveCfg = Release|Any CPU
		{E5973191-FC20-481A-9461-0BF673FCD8A5}.Release|Any CPU.Build.0 = Release|Any CPU
		{62E9833D-CBD5-460C-ACAB-2CF786344BC7}.Debug|Any CPU.ActiveCfg = Debug|Any CPU
		{62E9833D-CBD5-460C-ACAB-2CF786344BC7}.Debug|Any CPU.Build.0 = Debug|Any CPU
		{62E9833D-CBD5-460C-ACAB-2CF786344BC7}.Release|Any CPU.ActiveCfg = Release|Any CPU
		{62E9833D-CBD5-460C-ACAB-2CF786344BC7}.Release|Any CPU.Build.0 = Release|Any CPU
	EndGlobalSection
	GlobalSection(SolutionProperties) = preSolution
		HideSolutionNode = FALSE
	EndGlobalSection
	GlobalSection(ExtensibilityGlobals) = postSolution
		SolutionGuid = {D81F324C-6B72-418A-823D-48BE8B760942}
	EndGlobalSection
EndGlobal
